
Microsoft Visual Studio Solution File, Format Version 12.00
# Visual Studio Version 17
VisualStudioVersion = 17.4.33103.184
MinimumVisualStudioVersion = 10.0.40219.1
Project("{FAE04EC0-301F-11D3-BF4B-00C04F79EFBC}") = "Kanji Paint Project", "Kanji Paint Project\Kanji Paint Project.csproj", "{0983BD4C-50F8-4950-93C4-8C3C4D12033E}"
EndProject
Global
	GlobalSection(SolutionConfigurationPlatforms) = preSolution
		Debug|Any CPU = Debug|Any CPU
		Release|Any CPU = Release|Any CPU
	EndGlobalSection
	GlobalSection(ProjectConfigurationPlatforms) = postSolution
		{0983BD4C-50F8-4950-93C4-8C3C4D12033E}.Debug|Any CPU.ActiveCfg = Debug|Any CPU
		{0983BD4C-50F8-4950-93C4-8C3C4D12033E}.Debug|Any CPU.Build.0 = Debug|Any CPU
		{0983BD4C-50F8-4950-93C4-8C3C4D12033E}.Release|Any CPU.ActiveCfg = Release|Any CPU
		{0983BD4C-50F8-4950-93C4-8C3C4D12033E}.Release|Any CPU.Build.0 = Release|Any CPU
	EndGlobalSection
	GlobalSection(SolutionProperties) = preSolution
		HideSolutionNode = FALSE
	EndGlobalSection
	GlobalSection(ExtensibilityGlobals) = postSolution
		SolutionGuid = {5C6B2E2E-2FC3-42B2-A487-2FA96EBDDE73}
	EndGlobalSection
EndGlobal
